
Microsoft Visual Studio Solution File, Format Version 12.00
# Visual Studio Version 16
VisualStudioVersion = 16.0.29709.97
MinimumVisualStudioVersion = 10.0.40219.1
Project("{8BC9CEB8-8B4A-11D0-8D11-00A0C91BC942}") = "HW09_Weapon", "HW09_Weapon\HW09_Weapon.vcxproj", "{529BAB0E-2D0D-455D-8E0D-A04303EF2862}"
EndProject
Global
	GlobalSection(SolutionConfigurationPlatforms) = preSolution
		Debug|x64 = Debug|x64
		Debug|x86 = Debug|x86
		Release|x64 = Release|x64
		Release|x86 = Release|x86
	EndGlobalSection
	GlobalSection(ProjectConfigurationPlatforms) = postSolution
		{529BAB0E-2D0D-455D-8E0D-A04303EF2862}.Debug|x64.ActiveCfg = Debug|x64
		{529BAB0E-2D0D-455D-8E0D-A04303EF2862}.Debug|x64.Build.0 = Debug|x64
		{529BAB0E-2D0D-455D-8E0D-A04303EF2862}.Debug|x86.ActiveCfg = Debug|Win32
		{529BAB0E-2D0D-455D-8E0D-A04303EF2862}.Debug|x86.Build.0 = Debug|Win32
		{529BAB0E-2D0D-455D-8E0D-A04303EF2862}.Release|x64.ActiveCfg = Release|x64
		{529BAB0E-2D0D-455D-8E0D-A04303EF2862}.Release|x64.Build.0 = Release|x64
		{529BAB0E-2D0D-455D-8E0D-A04303EF2862}.Release|x86.ActiveCfg = Release|Win32
		{529BAB0E-2D0D-455D-8E0D-A04303EF2862}.Release|x86.Build.0 = Release|Win32
	EndGlobalSection
	GlobalSection(SolutionProperties) = preSolution
		HideSolutionNode = FALSE
	EndGlobalSection
	GlobalSection(ExtensibilityGlobals) = postSolution
		SolutionGuid = {4E01D4C6-212C-4AE4-B1DD-908608158133}
	EndGlobalSection
EndGlobal
